
Microsoft Visual Studio Solution File, Format Version 12.00
# Visual Studio 14
VisualStudioVersion = 14.0.23107.0
MinimumVisualStudioVersion = 10.0.40219.1
Project("{FAE04EC0-301F-11D3-BF4B-00C04F79EFBC}") = "Capstone", "Capstone\Capstone.csproj", "{A036D199-78CC-42AE-B8FB-CB3C50F5B6E7}"
EndProject
Project("{FAE04EC0-301F-11D3-BF4B-00C04F79EFBC}") = "CapstoneTests", "CapstoneTests\CapstoneTests.csproj", "{D0536EFB-265A-4C21-9871-62794340E87A}"
EndProject
Global
	GlobalSection(SolutionConfigurationPlatforms) = preSolution
		Debug|Any CPU = Debug|Any CPU
		Release|Any CPU = Release|Any CPU
	EndGlobalSection
	GlobalSection(ProjectConfigurationPlatforms) = postSolution
		{A036D199-78CC-42AE-B8FB-CB3C50F5B6E7}.Debug|Any CPU.ActiveCfg = Debug|Any CPU
		{A036D199-78CC-42AE-B8FB-CB3C50F5B6E7}.Debug|Any CPU.Build.0 = Debug|Any CPU
		{A036D199-78CC-42AE-B8FB-CB3C50F5B6E7}.Release|Any CPU.ActiveCfg = Release|Any CPU
		{A036D199-78CC-42AE-B8FB-CB3C50F5B6E7}.Release|Any CPU.Build.0 = Release|Any CPU
		{D0536EFB-265A-4C21-9871-62794340E87A}.Debug|Any CPU.ActiveCfg = Debug|Any CPU
		{D0536EFB-265A-4C21-9871-62794340E87A}.Debug|Any CPU.Build.0 = Debug|Any CPU
		{D0536EFB-265A-4C21-9871-62794340E87A}.Release|Any CPU.ActiveCfg = Release|Any CPU
		{D0536EFB-265A-4C21-9871-62794340E87A}.Release|Any CPU.Build.0 = Release|Any CPU
	EndGlobalSection
	GlobalSection(SolutionProperties) = preSolution
		HideSolutionNode = FALSE
	EndGlobalSection
EndGlobal
